
Microsoft Visual Studio Solution File, Format Version 12.00
# Visual Studio Version 17
VisualStudioVersion = 17.4.33122.133
MinimumVisualStudioVersion = 10.0.40219.1
Project("{9A19103F-16F7-4668-BE54-9A1E7A4F7556}") = "Domain", "Domain\Domain.csproj", "{1BE93555-A34D-4F1A-961E-2616066387CB}"
EndProject
Project("{9A19103F-16F7-4668-BE54-9A1E7A4F7556}") = "Application", "Application\Application.csproj", "{D70BBA44-6142-4BAE-9739-F251657E4E5B}"
EndProject
Project("{9A19103F-16F7-4668-BE54-9A1E7A4F7556}") = "Infrastructure", "Infrastructure\Infrastructure.csproj", "{CE8515CC-6DC2-41E0-A373-BEB8C9BE16FA}"
EndProject
Project("{FAE04EC0-301F-11D3-BF4B-00C04F79EFBC}") = "API", "API\API.csproj", "{28518730-E37C-49FE-A78A-239083B24E56}"
EndProject
Global
	GlobalSection(SolutionConfigurationPlatforms) = preSolution
		Debug|Any CPU = Debug|Any CPU
		Release|Any CPU = Release|Any CPU
	EndGlobalSection
	GlobalSection(ProjectConfigurationPlatforms) = postSolution
		{1BE93555-A34D-4F1A-961E-2616066387CB}.Debug|Any CPU.ActiveCfg = Debug|Any CPU
		{1BE93555-A34D-4F1A-961E-2616066387CB}.Debug|Any CPU.Build.0 = Debug|Any CPU
		{1BE93555-A34D-4F1A-961E-2616066387CB}.Release|Any CPU.ActiveCfg = Release|Any CPU
		{1BE93555-A34D-4F1A-961E-2616066387CB}.Release|Any CPU.Build.0 = Release|Any CPU
		{D70BBA44-6142-4BAE-9739-F251657E4E5B}.Debug|Any CPU.ActiveCfg = Debug|Any CPU
		{D70BBA44-6142-4BAE-9739-F251657E4E5B}.Debug|Any CPU.Build.0 = Debug|Any CPU
		{D70BBA44-6142-4BAE-9739-F251657E4E5B}.Release|Any CPU.ActiveCfg = Release|Any CPU
		{D70BBA44-6142-4BAE-9739-F251657E4E5B}.Release|Any CPU.Build.0 = Release|Any CPU
		{CE8515CC-6DC2-41E0-A373-BEB8C9BE16FA}.Debug|Any CPU.ActiveCfg = Debug|Any CPU
		{CE8515CC-6DC2-41E0-A373-BEB8C9BE16FA}.Debug|Any CPU.Build.0 = Debug|Any CPU
		{CE8515CC-6DC2-41E0-A373-BEB8C9BE16FA}.Release|Any CPU.ActiveCfg = Release|Any CPU
		{CE8515CC-6DC2-41E0-A373-BEB8C9BE16FA}.Release|Any CPU.Build.0 = Release|Any CPU
		{28518730-E37C-49FE-A78A-239083B24E56}.Debug|Any CPU.ActiveCfg = Debug|Any CPU
		{28518730-E37C-49FE-A78A-239083B24E56}.Debug|Any CPU.Build.0 = Debug|Any CPU
		{28518730-E37C-49FE-A78A-239083B24E56}.Release|Any CPU.ActiveCfg = Release|Any CPU
		{28518730-E37C-49FE-A78A-239083B24E56}.Release|Any CPU.Build.0 = Release|Any CPU
	EndGlobalSection
	GlobalSection(SolutionProperties) = preSolution
		HideSolutionNode = FALSE
	EndGlobalSection
	GlobalSection(ExtensibilityGlobals) = postSolution
		SolutionGuid = {C1058E55-289E-49D7-AE27-F1F733F9A829}
	EndGlobalSection
EndGlobal
